
Microsoft Visual Studio Solution File, Format Version 12.00
# Visual Studio 15
VisualStudioVersion = 15.0.28307.421
MinimumVisualStudioVersion = 10.0.40219.1
Project("{FAE04EC0-301F-11D3-BF4B-00C04F79EFBC}") = "CardManagerCore", "CardManagerCore\CardManagerCore.csproj", "{801F45FF-A491-4692-A102-4B08AB3772E8}"
EndProject
Global
	GlobalSection(SolutionConfigurationPlatforms) = preSolution
		Debug|Any CPU = Debug|Any CPU
		Release|Any CPU = Release|Any CPU
	EndGlobalSection
	GlobalSection(ProjectConfigurationPlatforms) = postSolution
		{801F45FF-A491-4692-A102-4B08AB3772E8}.Debug|Any CPU.ActiveCfg = Debug|Any CPU
		{801F45FF-A491-4692-A102-4B08AB3772E8}.Debug|Any CPU.Build.0 = Debug|Any CPU
		{801F45FF-A491-4692-A102-4B08AB3772E8}.Release|Any CPU.ActiveCfg = Release|Any CPU
		{801F45FF-A491-4692-A102-4B08AB3772E8}.Release|Any CPU.Build.0 = Release|Any CPU
	EndGlobalSection
	GlobalSection(SolutionProperties) = preSolution
		HideSolutionNode = FALSE
	EndGlobalSection
	GlobalSection(ExtensibilityGlobals) = postSolution
		SolutionGuid = {45F87AF7-03DB-4F25-9AC5-7093278985ED}
	EndGlobalSection
EndGlobal
